
Microsoft Visual Studio Solution File, Format Version 12.00
# Visual Studio 15
VisualStudioVersion = 15.0.28307.489
MinimumVisualStudioVersion = 10.0.40219.1
Project("{9A19103F-16F7-4668-BE54-9A1E7A4F7556}") = "LoadDataService", "LoadDataService\LoadDataService.csproj", "{2C86DA00-006B-42FF-BB2B-9CFBEF7703A6}"
EndProject
Project("{2150E333-8FDC-42A3-9474-1A3956D46DE8}") = "CORE", "CORE", "{2F83E909-6365-4A56-8459-FA343B4F78F2}"
EndProject
Project("{2150E333-8FDC-42A3-9474-1A3956D46DE8}") = "TESTING", "TESTING", "{C2EB0430-F887-440F-B985-7C82B6C382E2}"
EndProject
Project("{FAE04EC0-301F-11D3-BF4B-00C04F79EFBC}") = "Test", "Test\Test.csproj", "{DEEAC2D4-4E35-4B5E-B821-B5950A5BC6F0}"
EndProject
Project("{2150E333-8FDC-42A3-9474-1A3956D46DE8}") = "NET STANDARD", "NET STANDARD", "{F5BA1E9A-2F5C-4DAD-897C-ACE5D717BD4E}"
EndProject
Project("{9A19103F-16F7-4668-BE54-9A1E7A4F7556}") = "Common", "Common\Common.csproj", "{E499B7F8-2CE8-4056-A2F9-6B35D57AAFB5}"
EndProject
Project("{2150E333-8FDC-42A3-9474-1A3956D46DE8}") = "UI", "UI", "{99400316-4BEE-4D83-AADA-BA24E63809C5}"
EndProject
Project("{9A19103F-16F7-4668-BE54-9A1E7A4F7556}") = "PMIWeb", "PMIWeb\PMIWeb.csproj", "{5D3CE904-F12C-4898-8E80-1B51BE55F1C5}"
EndProject
Project("{9A19103F-16F7-4668-BE54-9A1E7A4F7556}") = "PMILoadDataClient", "PMILoadDataClient\PMILoadDataClient.csproj", "{A39B901A-F12A-4F87-844A-7646DD3D5030}"
EndProject
Global
	GlobalSection(SolutionConfigurationPlatforms) = preSolution
		Debug|Any CPU = Debug|Any CPU
		Release|Any CPU = Release|Any CPU
	EndGlobalSection
	GlobalSection(ProjectConfigurationPlatforms) = postSolution
		{2C86DA00-006B-42FF-BB2B-9CFBEF7703A6}.Debug|Any CPU.ActiveCfg = Debug|Any CPU
		{2C86DA00-006B-42FF-BB2B-9CFBEF7703A6}.Debug|Any CPU.Build.0 = Debug|Any CPU
		{2C86DA00-006B-42FF-BB2B-9CFBEF7703A6}.Release|Any CPU.ActiveCfg = Release|Any CPU
		{2C86DA00-006B-42FF-BB2B-9CFBEF7703A6}.Release|Any CPU.Build.0 = Release|Any CPU
		{DEEAC2D4-4E35-4B5E-B821-B5950A5BC6F0}.Debug|Any CPU.ActiveCfg = Debug|Any CPU
		{DEEAC2D4-4E35-4B5E-B821-B5950A5BC6F0}.Debug|Any CPU.Build.0 = Debug|Any CPU
		{DEEAC2D4-4E35-4B5E-B821-B5950A5BC6F0}.Release|Any CPU.ActiveCfg = Release|Any CPU
		{DEEAC2D4-4E35-4B5E-B821-B5950A5BC6F0}.Release|Any CPU.Build.0 = Release|Any CPU
		{E499B7F8-2CE8-4056-A2F9-6B35D57AAFB5}.Debug|Any CPU.ActiveCfg = Debug|Any CPU
		{E499B7F8-2CE8-4056-A2F9-6B35D57AAFB5}.Debug|Any CPU.Build.0 = Debug|Any CPU
		{E499B7F8-2CE8-4056-A2F9-6B35D57AAFB5}.Release|Any CPU.ActiveCfg = Release|Any CPU
		{E499B7F8-2CE8-4056-A2F9-6B35D57AAFB5}.Release|Any CPU.Build.0 = Release|Any CPU
		{5D3CE904-F12C-4898-8E80-1B51BE55F1C5}.Debug|Any CPU.ActiveCfg = Debug|Any CPU
		{5D3CE904-F12C-4898-8E80-1B51BE55F1C5}.Debug|Any CPU.Build.0 = Debug|Any CPU
		{5D3CE904-F12C-4898-8E80-1B51BE55F1C5}.Release|Any CPU.ActiveCfg = Release|Any CPU
		{5D3CE904-F12C-4898-8E80-1B51BE55F1C5}.Release|Any CPU.Build.0 = Release|Any CPU
		{A39B901A-F12A-4F87-844A-7646DD3D5030}.Debug|Any CPU.ActiveCfg = Debug|Any CPU
		{A39B901A-F12A-4F87-844A-7646DD3D5030}.Debug|Any CPU.Build.0 = Debug|Any CPU
		{A39B901A-F12A-4F87-844A-7646DD3D5030}.Release|Any CPU.ActiveCfg = Release|Any CPU
		{A39B901A-F12A-4F87-844A-7646DD3D5030}.Release|Any CPU.Build.0 = Release|Any CPU
	EndGlobalSection
	GlobalSection(SolutionProperties) = preSolution
		HideSolutionNode = FALSE
	EndGlobalSection
	GlobalSection(NestedProjects) = preSolution
		{2C86DA00-006B-42FF-BB2B-9CFBEF7703A6} = {2F83E909-6365-4A56-8459-FA343B4F78F2}
		{DEEAC2D4-4E35-4B5E-B821-B5950A5BC6F0} = {C2EB0430-F887-440F-B985-7C82B6C382E2}
		{E499B7F8-2CE8-4056-A2F9-6B35D57AAFB5} = {F5BA1E9A-2F5C-4DAD-897C-ACE5D717BD4E}
		{5D3CE904-F12C-4898-8E80-1B51BE55F1C5} = {99400316-4BEE-4D83-AADA-BA24E63809C5}
		{A39B901A-F12A-4F87-844A-7646DD3D5030} = {F5BA1E9A-2F5C-4DAD-897C-ACE5D717BD4E}
	EndGlobalSection
	GlobalSection(ExtensibilityGlobals) = postSolution
		SolutionGuid = {06218C22-C24B-4BE7-9AF8-3ED41CD86F13}
	EndGlobalSection
EndGlobal
